
Microsoft Visual Studio Solution File, Format Version 12.00
Project("{FAE04EC0-301F-11D3-BF4B-00C04F79EFBC}") = "SaveRian", "SaveRian\SaveRian.csproj", "{30C039B4-7E36-4056-A3DD-F32E08169282}"
EndProject
Project("{FAE04EC0-301F-11D3-BF4B-00C04F79EFBC}") = "Tests", "Tests\Tests.csproj", "{C78DD844-E528-4ED4-8C0B-FB94A33EC5E2}"
EndProject
Global
	GlobalSection(SolutionConfigurationPlatforms) = preSolution
		Debug|Any CPU = Debug|Any CPU
		Release|Any CPU = Release|Any CPU
	EndGlobalSection
	GlobalSection(ProjectConfigurationPlatforms) = postSolution
		{30C039B4-7E36-4056-A3DD-F32E08169282}.Debug|Any CPU.ActiveCfg = Debug|Any CPU
		{30C039B4-7E36-4056-A3DD-F32E08169282}.Debug|Any CPU.Build.0 = Debug|Any CPU
		{30C039B4-7E36-4056-A3DD-F32E08169282}.Release|Any CPU.ActiveCfg = Release|Any CPU
		{30C039B4-7E36-4056-A3DD-F32E08169282}.Release|Any CPU.Build.0 = Release|Any CPU
		{C78DD844-E528-4ED4-8C0B-FB94A33EC5E2}.Debug|Any CPU.ActiveCfg = Debug|Any CPU
		{C78DD844-E528-4ED4-8C0B-FB94A33EC5E2}.Debug|Any CPU.Build.0 = Debug|Any CPU
		{C78DD844-E528-4ED4-8C0B-FB94A33EC5E2}.Release|Any CPU.ActiveCfg = Release|Any CPU
		{C78DD844-E528-4ED4-8C0B-FB94A33EC5E2}.Release|Any CPU.Build.0 = Release|Any CPU
	EndGlobalSection
EndGlobal
